{
  "name": "test-vm",
  "version": "1.0.0",
  "lockfileVersion": 1,
  "requires": true,
  "dependencies": {
    "@types/benchmark": {
      "version": "2.1.0",
      "resolved": "https://registry.npmjs.org/@types/benchmark/-/benchmark-2.1.0.tgz",
      "integrity": "sha512-wxT2/LZn4z0NvSfZirxmBx686CU7EXp299KHkIk79acXpQtgeYHrslFzDacPGXifC0Pe3CEaLup07bgY1PnuQw==",
      "dev": true
    },
    "ast-types": {
      "version": "0.14.2",
      "resolved": "https://registry.npmjs.org/ast-types/-/ast-types-0.14.2.tgz",
      "integrity": "sha512-O0yuUDnZeQDL+ncNGlJ78BiO4jnYI3bvMsD5prT0/nsgijG/LpNBIr63gTjVTNsiGkgQhiyCShTgxt8oXOrklA==",
      "requires": {
        "tslib": "^2.0.1"
      }
    },
    "benchmark": {
      "version": "2.1.4",
      "resolved": "https://registry.npmjs.org/benchmark/-/benchmark-2.1.4.tgz",
      "integrity": "sha1-CfPeMckWQl1JjMLuVloOvzwqVik=",
      "dev": true,
      "requires": {
        "lodash": "^4.17.4",
        "platform": "^1.3.3"
      }
    },
    "esprima": {
      "version": "4.0.1",
      "resolved": "https://registry.npmjs.org/esprima/-/esprima-4.0.1.tgz",
      "integrity": "sha512-eGuFFw7Upda+g4p+QHvnW0RyTX/SVeJBDM/gCtMARO0cLuT2HcEKnTPvhjV6aGeqrCB/sbNop0Kszm0jsaWU4A=="
    },
    "lodash": {
      "version": "4.17.21",
      "resolved": "https://registry.npmjs.org/lodash/-/lodash-4.17.21.tgz",
      "integrity": "sha512-v2kDEe57lecTulaDIuNTPy3Ry4gLGJ6Z1O3vE1krgXZNrsQ+LFTGHVxVjcXPs17LhbZVGedAJv8XZ1tvj5FvSg==",
      "dev": true
    },
    "platform": {
      "version": "1.3.5",
      "resolved": "https://registry.npmjs.org/platform/-/platform-1.3.5.tgz",
      "integrity": "sha512-TuvHS8AOIZNAlE77WUDiR4rySV/VMptyMfcfeoMgs4P8apaZM3JrnbzBiixKUv+XR6i+BXrQh8WAnjaSPFO65Q==",
      "dev": true
    },
    "recast": {
      "version": "0.20.4",
      "resolved": "https://registry.npmjs.org/recast/-/recast-0.20.4.tgz",
      "integrity": "sha512-6qLIBGGRcwjrTZGIiBpJVC/NeuXpogXNyRQpqU1zWPUigCphvApoCs9KIwDYh1eDuJ6dAFlQoi/QUyE5KQ6RBQ==",
      "requires": {
        "ast-types": "0.14.2",
        "esprima": "~4.0.0",
        "source-map": "~0.6.1",
        "tslib": "^2.0.1"
      }
    },
    "source-map": {
      "version": "0.6.1",
      "resolved": "https://registry.npmjs.org/source-map/-/source-map-0.6.1.tgz",
      "integrity": "sha512-UjgapumWlbMhkBgzT7Ykc5YXUT46F0iKu8SGXq0bcwP5dz/h0Plj6enJqjz1Zbq2l5WaqYnrVbwWOWMyF3F47g=="
    },
    "tslib": {
      "version": "2.2.0",
      "resolved": "https://registry.npmjs.org/tslib/-/tslib-2.2.0.tgz",
      "integrity": "sha512-gS9GVHRU+RGn5KQM2rllAlR3dU6m7AcpJKdtH8gFvQiC4Otgk98XnmMU+nZenHt/+VhnBPWwgrJsyrdcw6i23w=="
    }
  }
}
